
Microsoft Visual Studio Solution File, Format Version 12.00
# Visual Studio Version 17
VisualStudioVersion = 17.9.34728.123
MinimumVisualStudioVersion = 10.0.40219.1
Project("{FAE04EC0-301F-11D3-BF4B-00C04F79EFBC}") = "Event3", "Event3\Event3.csproj", "{B911536E-59A2-41C2-8C84-80121B02EF39}"
EndProject
Global
	GlobalSection(SolutionConfigurationPlatforms) = preSolution
		Debug|Any CPU = Debug|Any CPU
		Release|Any CPU = Release|Any CPU
	EndGlobalSection
	GlobalSection(ProjectConfigurationPlatforms) = postSolution
		{B911536E-59A2-41C2-8C84-80121B02EF39}.Debug|Any CPU.ActiveCfg = Debug|Any CPU
		{B911536E-59A2-41C2-8C84-80121B02EF39}.Debug|Any CPU.Build.0 = Debug|Any CPU
		{B911536E-59A2-41C2-8C84-80121B02EF39}.Release|Any CPU.ActiveCfg = Release|Any CPU
		{B911536E-59A2-41C2-8C84-80121B02EF39}.Release|Any CPU.Build.0 = Release|Any CPU
	EndGlobalSection
	GlobalSection(SolutionProperties) = preSolution
		HideSolutionNode = FALSE
	EndGlobalSection
	GlobalSection(ExtensibilityGlobals) = postSolution
		SolutionGuid = {D6E8FEA3-0B76-4BC8-8EE2-4AE85EE6BE0B}
	EndGlobalSection
EndGlobal
