
Microsoft Visual Studio Solution File, Format Version 12.00
# Visual Studio Version 17
VisualStudioVersion = 17.9.34728.123
MinimumVisualStudioVersion = 10.0.40219.1
Project("{FAE04EC0-301F-11D3-BF4B-00C04F79EFBC}") = "profile 2", "profile 2\profile 2.csproj", "{4CD3026F-29F1-4269-861B-68D42BA8C970}"
EndProject
Global
	GlobalSection(SolutionConfigurationPlatforms) = preSolution
		Debug|Any CPU = Debug|Any CPU
		Release|Any CPU = Release|Any CPU
	EndGlobalSection
	GlobalSection(ProjectConfigurationPlatforms) = postSolution
		{4CD3026F-29F1-4269-861B-68D42BA8C970}.Debug|Any CPU.ActiveCfg = Debug|Any CPU
		{4CD3026F-29F1-4269-861B-68D42BA8C970}.Debug|Any CPU.Build.0 = Debug|Any CPU
		{4CD3026F-29F1-4269-861B-68D42BA8C970}.Release|Any CPU.ActiveCfg = Release|Any CPU
		{4CD3026F-29F1-4269-861B-68D42BA8C970}.Release|Any CPU.Build.0 = Release|Any CPU
	EndGlobalSection
	GlobalSection(SolutionProperties) = preSolution
		HideSolutionNode = FALSE
	EndGlobalSection
	GlobalSection(ExtensibilityGlobals) = postSolution
		SolutionGuid = {BF08D005-85D2-41F6-AD76-9863A7FA26E9}
	EndGlobalSection
EndGlobal
